
Microsoft Visual Studio Solution File, Format Version 12.00
# Visual Studio Version 17
VisualStudioVersion = 17.2.32516.85
MinimumVisualStudioVersion = 10.0.40219.1
Project("{FAE04EC0-301F-11D3-BF4B-00C04F79EFBC}") = "enum", "enum\enum.csproj", "{E50EDFBC-9701-415A-B549-A259E6E17DD1}"
EndProject
Global
	GlobalSection(SolutionConfigurationPlatforms) = preSolution
		Debug|Any CPU = Debug|Any CPU
		Release|Any CPU = Release|Any CPU
	EndGlobalSection
	GlobalSection(ProjectConfigurationPlatforms) = postSolution
		{E50EDFBC-9701-415A-B549-A259E6E17DD1}.Debug|Any CPU.ActiveCfg = Debug|Any CPU
		{E50EDFBC-9701-415A-B549-A259E6E17DD1}.Debug|Any CPU.Build.0 = Debug|Any CPU
		{E50EDFBC-9701-415A-B549-A259E6E17DD1}.Release|Any CPU.ActiveCfg = Release|Any CPU
		{E50EDFBC-9701-415A-B549-A259E6E17DD1}.Release|Any CPU.Build.0 = Release|Any CPU
	EndGlobalSection
	GlobalSection(SolutionProperties) = preSolution
		HideSolutionNode = FALSE
	EndGlobalSection
	GlobalSection(ExtensibilityGlobals) = postSolution
		SolutionGuid = {DD5CAE01-5911-4E1F-B1C1-E90585CB7FC6}
	EndGlobalSection
EndGlobal
